
Microsoft Visual Studio Solution File, Format Version 12.00
# Visual Studio Version 17
VisualStudioVersion = 17.7.34031.279
MinimumVisualStudioVersion = 10.0.40219.1
Project("{FAE04EC0-301F-11D3-BF4B-00C04F79EFBC}") = "Wanderley_Flores_WF_Examen", "Wanderley_Flores_WF_Examen.csproj", "{014E3B48-BB60-4C03-BDB9-45B14229C422}"
EndProject
Global
	GlobalSection(SolutionConfigurationPlatforms) = preSolution
		Debug|Any CPU = Debug|Any CPU
		Release|Any CPU = Release|Any CPU
	EndGlobalSection
	GlobalSection(ProjectConfigurationPlatforms) = postSolution
		{014E3B48-BB60-4C03-BDB9-45B14229C422}.Debug|Any CPU.ActiveCfg = Debug|Any CPU
		{014E3B48-BB60-4C03-BDB9-45B14229C422}.Debug|Any CPU.Build.0 = Debug|Any CPU
		{014E3B48-BB60-4C03-BDB9-45B14229C422}.Release|Any CPU.ActiveCfg = Release|Any CPU
		{014E3B48-BB60-4C03-BDB9-45B14229C422}.Release|Any CPU.Build.0 = Release|Any CPU
	EndGlobalSection
	GlobalSection(SolutionProperties) = preSolution
		HideSolutionNode = FALSE
	EndGlobalSection
	GlobalSection(ExtensibilityGlobals) = postSolution
		SolutionGuid = {73566143-7CE4-4FD5-90DB-BA7BB4B69738}
	EndGlobalSection
EndGlobal
